
Microsoft Visual Studio Solution File, Format Version 12.00
# Visual Studio Version 17
VisualStudioVersion = 17.14.36908.2 d17.14
MinimumVisualStudioVersion = 10.0.40219.1
Project("{FAE04EC0-301F-11D3-BF4B-00C04F79EFBC}") = "talentacquisition_jobplacement_mvc", "talentacquisition_jobplacement_mvc.csproj", "{C64925D9-5B8C-49B7-B470-EEEBE006814A}"
EndProject
Global
	GlobalSection(SolutionConfigurationPlatforms) = preSolution
		Debug|Any CPU = Debug|Any CPU
		Release|Any CPU = Release|Any CPU
	EndGlobalSection
	GlobalSection(ProjectConfigurationPlatforms) = postSolution
		{C64925D9-5B8C-49B7-B470-EEEBE006814A}.Debug|Any CPU.ActiveCfg = Debug|Any CPU
		{C64925D9-5B8C-49B7-B470-EEEBE006814A}.Debug|Any CPU.Build.0 = Debug|Any CPU
		{C64925D9-5B8C-49B7-B470-EEEBE006814A}.Release|Any CPU.ActiveCfg = Release|Any CPU
		{C64925D9-5B8C-49B7-B470-EEEBE006814A}.Release|Any CPU.Build.0 = Release|Any CPU
	EndGlobalSection
	GlobalSection(SolutionProperties) = preSolution
		HideSolutionNode = FALSE
	EndGlobalSection
	GlobalSection(ExtensibilityGlobals) = postSolution
		SolutionGuid = {7473DD5A-B8F1-4FDA-8B4E-ED0BF0B9EB46}
	EndGlobalSection
EndGlobal
